
Microsoft Visual Studio Solution File, Format Version 12.00
# Visual Studio Version 17
VisualStudioVersion = 17.8.34330.188
MinimumVisualStudioVersion = 10.0.40219.1
Project("{FAE04EC0-301F-11D3-BF4B-00C04F79EFBC}") = "AES", "AES.csproj", "{0C83B8DF-2D31-468C-A839-0B9C8BFB0BD4}"
EndProject
Global
	GlobalSection(SolutionConfigurationPlatforms) = preSolution
		Debug|Any CPU = Debug|Any CPU
		Release|Any CPU = Release|Any CPU
	EndGlobalSection
	GlobalSection(ProjectConfigurationPlatforms) = postSolution
		{0C83B8DF-2D31-468C-A839-0B9C8BFB0BD4}.Debug|Any CPU.ActiveCfg = Debug|Any CPU
		{0C83B8DF-2D31-468C-A839-0B9C8BFB0BD4}.Debug|Any CPU.Build.0 = Debug|Any CPU
		{0C83B8DF-2D31-468C-A839-0B9C8BFB0BD4}.Release|Any CPU.ActiveCfg = Release|Any CPU
		{0C83B8DF-2D31-468C-A839-0B9C8BFB0BD4}.Release|Any CPU.Build.0 = Release|Any CPU
	EndGlobalSection
	GlobalSection(SolutionProperties) = preSolution
		HideSolutionNode = FALSE
	EndGlobalSection
	GlobalSection(ExtensibilityGlobals) = postSolution
		SolutionGuid = {5C313EC0-30A9-4B51-BE5D-7C659770CE91}
	EndGlobalSection
EndGlobal
